
Microsoft Visual Studio Solution File, Format Version 12.00
# Visual Studio Version 17
VisualStudioVersion = 17.8.34330.188
MinimumVisualStudioVersion = 10.0.40219.1
Project("{9A19103F-16F7-4668-BE54-9A1E7A4F7556}") = "gptManager", "gptManager\gptManager.csproj", "{3933DFB5-8973-4260-92CF-97FEA5486F96}"
EndProject
Project("{9A19103F-16F7-4668-BE54-9A1E7A4F7556}") = "ContextManagement", "contextManagement\ContextManagement.csproj", "{98D1938D-04E1-4E1D-A20E-4888FC11059E}"
EndProject
Project("{9A19103F-16F7-4668-BE54-9A1E7A4F7556}") = "OpenAIConnector", "OpenAIConnector\OpenAIConnector.csproj", "{ACD6BB2F-D91C-4FBE-92CD-E9E28362FD6D}"
EndProject
Project("{9A19103F-16F7-4668-BE54-9A1E7A4F7556}") = "ToolManagement", "ToolManagement\ToolManagement.csproj", "{B4197B3B-5FF2-470C-A253-BB89DA21C4FE}"
EndProject
Project("{9A19103F-16F7-4668-BE54-9A1E7A4F7556}") = "GoogleCloudConnector", "GoogleCloudConnector\GoogleCloudConnector.csproj", "{F6E88620-653D-415D-B3E8-2ED95AC6AE5D}"
EndProject
Project("{FAE04EC0-301F-11D3-BF4B-00C04F79EFBC}") = "WikipediaSearchConnector", "WikipediaSearchConnector\WikipediaSearchConnector.csproj", "{7C67F5CC-89AB-4F89-A0A8-B8C917E280C8}"
EndProject
Global
	GlobalSection(SolutionConfigurationPlatforms) = preSolution
		Debug|Any CPU = Debug|Any CPU
		Release|Any CPU = Release|Any CPU
	EndGlobalSection
	GlobalSection(ProjectConfigurationPlatforms) = postSolution
		{3933DFB5-8973-4260-92CF-97FEA5486F96}.Debug|Any CPU.ActiveCfg = Debug|Any CPU
		{3933DFB5-8973-4260-92CF-97FEA5486F96}.Debug|Any CPU.Build.0 = Debug|Any CPU
		{3933DFB5-8973-4260-92CF-97FEA5486F96}.Release|Any CPU.ActiveCfg = Release|Any CPU
		{3933DFB5-8973-4260-92CF-97FEA5486F96}.Release|Any CPU.Build.0 = Release|Any CPU
		{98D1938D-04E1-4E1D-A20E-4888FC11059E}.Debug|Any CPU.ActiveCfg = Debug|Any CPU
		{98D1938D-04E1-4E1D-A20E-4888FC11059E}.Debug|Any CPU.Build.0 = Debug|Any CPU
		{98D1938D-04E1-4E1D-A20E-4888FC11059E}.Release|Any CPU.ActiveCfg = Release|Any CPU
		{98D1938D-04E1-4E1D-A20E-4888FC11059E}.Release|Any CPU.Build.0 = Release|Any CPU
		{ACD6BB2F-D91C-4FBE-92CD-E9E28362FD6D}.Debug|Any CPU.ActiveCfg = Debug|Any CPU
		{ACD6BB2F-D91C-4FBE-92CD-E9E28362FD6D}.Debug|Any CPU.Build.0 = Debug|Any CPU
		{ACD6BB2F-D91C-4FBE-92CD-E9E28362FD6D}.Release|Any CPU.ActiveCfg = Release|Any CPU
		{ACD6BB2F-D91C-4FBE-92CD-E9E28362FD6D}.Release|Any CPU.Build.0 = Release|Any CPU
		{B4197B3B-5FF2-470C-A253-BB89DA21C4FE}.Debug|Any CPU.ActiveCfg = Debug|Any CPU
		{B4197B3B-5FF2-470C-A253-BB89DA21C4FE}.Debug|Any CPU.Build.0 = Debug|Any CPU
		{B4197B3B-5FF2-470C-A253-BB89DA21C4FE}.Release|Any CPU.ActiveCfg = Release|Any CPU
		{B4197B3B-5FF2-470C-A253-BB89DA21C4FE}.Release|Any CPU.Build.0 = Release|Any CPU
		{F6E88620-653D-415D-B3E8-2ED95AC6AE5D}.Debug|Any CPU.ActiveCfg = Debug|Any CPU
		{F6E88620-653D-415D-B3E8-2ED95AC6AE5D}.Debug|Any CPU.Build.0 = Debug|Any CPU
		{F6E88620-653D-415D-B3E8-2ED95AC6AE5D}.Release|Any CPU.ActiveCfg = Release|Any CPU
		{F6E88620-653D-415D-B3E8-2ED95AC6AE5D}.Release|Any CPU.Build.0 = Release|Any CPU
		{7C67F5CC-89AB-4F89-A0A8-B8C917E280C8}.Debug|Any CPU.ActiveCfg = Debug|Any CPU
		{7C67F5CC-89AB-4F89-A0A8-B8C917E280C8}.Debug|Any CPU.Build.0 = Debug|Any CPU
		{7C67F5CC-89AB-4F89-A0A8-B8C917E280C8}.Release|Any CPU.ActiveCfg = Release|Any CPU
		{7C67F5CC-89AB-4F89-A0A8-B8C917E280C8}.Release|Any CPU.Build.0 = Release|Any CPU
	EndGlobalSection
	GlobalSection(SolutionProperties) = preSolution
		HideSolutionNode = FALSE
	EndGlobalSection
	GlobalSection(ExtensibilityGlobals) = postSolution
		SolutionGuid = {3E5156EA-EE85-41B6-8050-A8F068BF7E85}
	EndGlobalSection
EndGlobal
